// !$*UTF8*$!
{
	archiveVersion = 1;
	classes = {
	};
	objectVersion = 50;
	objects = {

/* Begin PBXBuildFile section */
		7CE6C783258E56D30082C05C /* JKG_newLimitedApp.swift in Sources */ = {isa = PBXBuildFile; fileRef = 7CE6C782258E56D30082C05C /* JKG_newLimitedApp.swift */; };
		7CE6C785258E56D30082C05C /* ContentView.swift in Sources */ = {isa = PBXBuildFile; fileRef = 7CE6C784258E56D30082C05C /* ContentView.swift */; };
		7CE6C787258E56D60082C05C /* Assets.xcassets in Resources */ = {isa = PBXBuildFile; fileRef = 7CE6C786258E56D60082C05C /* Assets.xcassets */; };
		7CE6C78A258E56D60082C05C /* Preview Assets.xcassets in Resources */ = {isa = PBXBuildFile; fileRef = 7CE6C789258E56D60082C05C /* Preview Assets.xcassets */; };
		7CE6C795258E56D60082C05C /* JKG_newLimitedTests.swift in Sources */ = {isa = PBXBuildFile; fileRef = 7CE6C794258E56D60082C05C /* JKG_newLimitedTests.swift */; };
		7CE6C7A0258E56D60082C05C /* JKG_newLimitedUITests.swift in Sources */ = {isa = PBXBuildFile; fileRef = 7CE6C79F258E56D60082C05C /* JKG_newLimitedUITests.swift */; };
/* End PBXBuildFile section */

/* Begin PBXContainerItemProxy section */
		7CE6C791258E56D60082C05C /* PBXContainerItemProxy */ = {
			isa = PBXContainerItemProxy;
			containerPortal = 7CE6C777258E56D30082C05C /* Project object */;
			proxyType = 1;
			remoteGlobalIDString = 7CE6C77E258E56D30082C05C;
			remoteInfo = JKG_newLimited;
		};
		7CE6C79C258E56D60082C05C /* PBXContainerItemProxy */ = {
			isa = PBXContainerItemProxy;
			containerPortal = 7CE6C777258E56D30082C05C /* Project object */;
			proxyType = 1;
			remoteGlobalIDString = 7CE6C77E258E56D30082C05C;
			remoteInfo = JKG_newLimited;
		};
/* End PBXContainerItemProxy section */

/* Begin PBXFileReference section */
		7CE6C77F258E56D30082C05C /* JKG_newLimited.app */ = {isa = PBXFileReference; explicitFileType = wrapper.application; includeInIndex = 0; path = JKG_newLimited.app; sourceTree = BUILT_PRODUCTS_DIR; };
		7CE6C782258E56D30082C05C /* JKG_newLimitedApp.swift */ = {isa = PBXFileReference; lastKnownFileType = sourcecode.swift; path = JKG_newLimitedApp.swift; sourceTree = "<group>"; };
		7CE6C784258E56D30082C05C /* ContentView.swift */ = {isa = PBXFileReference; lastKnownFileType = sourcecode.swift; path = ContentView.swift; sourceTree = "<group>"; };
		7CE6C786258E56D60082C05C /* Assets.xcassets */ = {isa = PBXFileReference; lastKnownFileType = folder.assetcatalog; path = Assets.xcassets; sourceTree = "<group>"; };
		7CE6C789258E56D60082C05C /* Preview Assets.xcassets */ = {isa = PBXFileReference; lastKnownFileType = folder.assetcatalog; path = "Preview Assets.xcassets"; sourceTree = "<group>"; };
		7CE6C78B258E56D60082C05C /* Info.plist */ = {isa = PBXFileReference; lastKnownFileType = text.plist.xml; path = Info.plist; sourceTree = "<group>"; };
		7CE6C790258E56D60082C05C /* JKG_newLimitedTests.xctest */ = {isa = PBXFileReference; explicitFileType = wrapper.cfbundle; includeInIndex = 0; path = JKG_newLimitedTests.xctest; sourceTree = BUILT_PRODUCTS_DIR; };
		7CE6C794258E56D60082C05C /* JKG_newLimitedTests.swift */ = {isa = PBXFileReference; lastKnownFileType = sourcecode.swift; path = JKG_newLimitedTests.swift; sourceTree = "<group>"; };
		7CE6C796258E56D60082C05C /* Info.plist */ = {isa = PBXFileReference; lastKnownFileType = text.plist.xml; path = Info.plist; sourceTree = "<group>"; };
		7CE6C79B258E56D60082C05C /* JKG_newLimitedUITests.xctest */ = {isa = PBXFileReference; explicitFileType = wrapper.cfbundle; includeInIndex = 0; path = JKG_newLimitedUITests.xctest; sourceTree = BUILT_PRODUCTS_DIR; };
		7CE6C79F258E56D60082C05C /* JKG_newLimitedUITests.swift */ = {isa = PBXFileReference; lastKnownFileType = sourcecode.swift; path = JKG_newLimitedUITests.swift; sourceTree = "<group>"; };
		7CE6C7A1258E56D60082C05C /* Info.plist */ = {isa = PBXFileReference; lastKnownFileType = text.plist.xml; path = Info.plist; sourceTree = "<group>"; };
/* End PBXFileReference section */

/* Begin PBXFrameworksBuildPhase section */
		7CE6C77C258E56D30082C05C /* Frameworks */ = {
			isa = PBXFrameworksBuildPhase;
			buildActionMask = 2147483647;
			files = (
			);
			runOnlyForDeploymentPostprocessing = 0;
		};
		7CE6C78D258E56D60082C05C /* Frameworks */ = {
			isa = PBXFrameworksBuildPhase;
			buildActionMask = 2147483647;
			files = (
			);
			runOnlyForDeploymentPostprocessing = 0;
		};
		7CE6C798258E56D60082C05C /* Frameworks */ = {
			isa = PBXFrameworksBuildPhase;
			buildActionMask = 2147483647;
			files = (
			);
			runOnlyForDeploymentPostprocessing = 0;
		};
/* End PBXFrameworksBuildPhase section */

/* Begin PBXGroup section */
		7CE6C776258E56D30082C05C = {
			isa = PBXGroup;
			children = (
				7CE6C781258E56D30082C05C /* JKG_newLimited */,
				7CE6C793258E56D60082C05C /* JKG_newLimitedTests */,
				7CE6C79E258E56D60082C05C /* JKG_newLimitedUITests */,
				7CE6C780258E56D30082C05C /* Products */,
			);
			sourceTree = "<group>";
		};
		7CE6C780258E56D30082C05C /* Products */ = {
			isa = PBXGroup;
			children = (
				7CE6C77F258E56D30082C05C /* JKG_newLimited.app */,
				7CE6C790258E56D60082C05C /* JKG_newLimitedTests.xctest */,
				7CE6C79B258E56D60082C05C /* JKG_newLimitedUITests.xctest */,
			);
			name = Products;
			sourceTree = "<group>";
		};
		7CE6C781258E56D30082C05C /* JKG_newLimited */ = {
			isa = PBXGroup;
			children = (
				7CE6C782258E56D30082C05C /* JKG_newLimitedApp.swift */,
				7CE6C784258E56D30082C05C /* ContentView.swift */,
				7CE6C786258E56D60082C05C /* Assets.xcassets */,
				7CE6C78B258E56D60082C05C /* Info.plist */,
				7CE6C788258E56D60082C05C /* Preview Content */,
			);
			path = JKG_newLimited;
			sourceTree = "<group>";
		};
		7CE6C788258E56D60082C05C /* Preview Content */ = {
			isa = PBXGroup;
			children = (
				7CE6C789258E56D60082C05C /* Preview Assets.xcassets */,
			);
			path = "Preview Content";
			sourceTree = "<group>";
		};
		7CE6C793258E56D60082C05C /* JKG_newLimitedTests */ = {
			isa = PBXGroup;
			children = (
				7CE6C794258E56D60082C05C /* JKG_newLimitedTests.swift */,
				7CE6C796258E56D60082C05C /* Info.plist */,
			);
			path = JKG_newLimitedTests;
			sourceTree = "<group>";
		};
		7CE6C79E258E56D60082C05C /* JKG_newLimitedUITests */ = {
			isa = PBXGroup;
			children = (
				7CE6C79F258E56D60082C05C /* JKG_newLimitedUITests.swift */,
				7CE6C7A1258E56D60082C05C /* Info.plist */,
			);
			path = JKG_newLimitedUITests;
			sourceTree = "<group>";
		};
/* End PBXGroup section */

/* Begin PBXNativeTarget section */
		7CE6C77E258E56D30082C05C /* JKG_newLimited */ = {
			isa = PBXNativeTarget;
			buildConfigurationList = 7CE6C7A4258E56D60082C05C /* Build configuration list for PBXNativeTarget "JKG_newLimited" */;
			buildPhases = (
				7CE6C77B258E56D30082C05C /* Sources */,
				7CE6C77C258E56D30082C05C /* Frameworks */,
				7CE6C77D258E56D30082C05C /* Resources */,
			);
			buildRules = (
			);
			dependencies = (
			);
			name = JKG_newLimited;
			productName = JKG_newLimited;
			productReference = 7CE6C77F258E56D30082C05C /* JKG_newLimited.app */;
			productType = "com.apple.product-type.application";
		};
		7CE6C78F258E56D60082C05C /* JKG_newLimitedTests */ = {
			isa = PBXNativeTarget;
			buildConfigurationList = 7CE6C7A7258E56D60082C05C /* Build configuration list for PBXNativeTarget "JKG_newLimitedTests" */;
			buildPhases = (
				7CE6C78C258E56D60082C05C /* Sources */,
				7CE6C78D258E56D60082C05C /* Frameworks */,
				7CE6C78E258E56D60082C05C /* Resources */,
			);
			buildRules = (
			);
			dependencies = (
				7CE6C792258E56D60082C05C /* PBXTargetDependency */,
			);
			name = JKG_newLimitedTests;
			productName = JKG_newLimitedTests;
			productReference = 7CE6C790258E56D60082C05C /* JKG_newLimitedTests.xctest */;
			productType = "com.apple.product-type.bundle.unit-test";
		};
		7CE6C79A258E56D60082C05C /* JKG_newLimitedUITests */ = {
			isa = PBXNativeTarget;
			buildConfigurationList = 7CE6C7AA258E56D60082C05C /* Build configuration list for PBXNativeTarget "JKG_newLimitedUITests" */;
			buildPhases = (
				7CE6C797258E56D60082C05C /* Sources */,
				7CE6C798258E56D60082C05C /* Frameworks */,
				7CE6C799258E56D60082C05C /* Resources */,
			);
			buildRules = (
			);
			dependencies = (
				7CE6C79D258E56D60082C05C /* PBXTargetDependency */,
			);
			name = JKG_newLimitedUITests;
			productName = JKG_newLimitedUITests;
			productReference = 7CE6C79B258E56D60082C05C /* JKG_newLimitedUITests.xctest */;
			productType = "com.apple.product-type.bundle.ui-testing";
		};
/* End PBXNativeTarget section */

/* Begin PBXProject section */
		7CE6C777258E56D30082C05C /* Project object */ = {
			isa = PBXProject;
			attributes = {
				LastSwiftUpdateCheck = 1230;
				LastUpgradeCheck = 1230;
				TargetAttributes = {
					7CE6C77E258E56D30082C05C = {
						CreatedOnToolsVersion = 12.3;
					};
					7CE6C78F258E56D60082C05C = {
						CreatedOnToolsVersion = 12.3;
						TestTargetID = 7CE6C77E258E56D30082C05C;
					};
					7CE6C79A258E56D60082C05C = {
						CreatedOnToolsVersion = 12.3;
						TestTargetID = 7CE6C77E258E56D30082C05C;
					};
				};
			};
			buildConfigurationList = 7CE6C77A258E56D30082C05C /* Build configuration list for PBXProject "JKG_newLimited" */;
			compatibilityVersion = "Xcode 9.3";
			developmentRegion = en;
			hasScannedForEncodings = 0;
			knownRegions = (
				en,
				Base,
			);
			mainGroup = 7CE6C776258E56D30082C05C;
			productRefGroup = 7CE6C780258E56D30082C05C /* Products */;
			projectDirPath = "";
			projectRoot = "";
			targets = (
				7CE6C77E258E56D30082C05C /* JKG_newLimited */,
				7CE6C78F258E56D60082C05C /* JKG_newLimitedTests */,
				7CE6C79A258E56D60082C05C /* JKG_newLimitedUITests */,
			);
		};
/* End PBXProject section */

/* Begin PBXResourcesBuildPhase section */
		7CE6C77D258E56D30082C05C /* Resources */ = {
			isa = PBXResourcesBuildPhase;
			buildActionMask = 2147483647;
			files = (
				7CE6C78A258E56D60082C05C /* Preview Assets.xcassets in Resources */,
				7CE6C787258E56D60082C05C /* Assets.xcassets in Resources */,
			);
			runOnlyForDeploymentPostprocessing = 0;
		};
		7CE6C78E258E56D60082C05C /* Resources */ = {
			isa = PBXResourcesBuildPhase;
			buildActionMask = 2147483647;
			files = (
			);
			runOnlyForDeploymentPostprocessing = 0;
		};
		7CE6C799258E56D60082C05C /* Resources */ = {
			isa = PBXResourcesBuildPhase;
			buildActionMask = 2147483647;
			files = (
			);
			runOnlyForDeploymentPostprocessing = 0;
		};
/* End PBXResourcesBuildPhase section */

/* Begin PBXSourcesBuildPhase section */
		7CE6C77B258E56D30082C05C /* Sources */ = {
			isa = PBXSourcesBuildPhase;
			buildActionMask = 2147483647;
			files = (
				7CE6C785258E56D30082C05C /* ContentView.swift in Sources */,
				7CE6C783258E56D30082C05C /* JKG_newLimitedApp.swift in Sources */,
			);
			runOnlyForDeploymentPostprocessing = 0;
		};
		7CE6C78C258E56D60082C05C /* Sources */ = {
			isa = PBXSourcesBuildPhase;
			buildActionMask = 2147483647;
			files = (
				7CE6C795258E56D60082C05C /* JKG_newLimitedTests.swift in Sources */,
			);
			runOnlyForDeploymentPostprocessing = 0;
		};
		7CE6C797258E56D60082C05C /* Sources */ = {
			isa = PBXSourcesBuildPhase;
			buildActionMask = 2147483647;
			files = (
				7CE6C7A0258E56D60082C05C /* JKG_newLimitedUITests.swift in Sources */,
			);
			runOnlyForDeploymentPostprocessing = 0;
		};
/* End PBXSourcesBuildPhase section */

/* Begin PBXTargetDependency section */
		7CE6C792258E56D60082C05C /* PBXTargetDependency */ = {
			isa = PBXTargetDependency;
			target = 7CE6C77E258E56D30082C05C /* JKG_newLimited */;
			targetProxy = 7CE6C791258E56D60082C05C /* PBXContainerItemProxy */;
		};
		7CE6C79D258E56D60082C05C /* PBXTargetDependency */ = {
			isa = PBXTargetDependency;
			target = 7CE6C77E258E56D30082C05C /* JKG_newLimited */;
			targetProxy = 7CE6C79C258E56D60082C05C /* PBXContainerItemProxy */;
		};
/* End PBXTargetDependency section */

/* Begin XCBuildConfiguration section */
		7CE6C7A2258E56D60082C05C /* Debug */ = {
			isa = XCBuildConfiguration;
			buildSettings = {
				ALWAYS_SEARCH_USER_PATHS = NO;
				CLANG_ANALYZER_NONNULL = YES;
				CLANG_ANALYZER_NUMBER_OBJECT_CONVERSION = YES_AGGRESSIVE;
				CLANG_CXX_LANGUAGE_STANDARD = "gnu++14";
				CLANG_CXX_LIBRARY = "libc++";
				CLANG_ENABLE_MODULES = YES;
				CLANG_ENABLE_OBJC_ARC = YES;
				CLANG_ENABLE_OBJC_WEAK = YES;
				CLANG_WARN_BLOCK_CAPTURE_AUTORELEASING = YES;
				CLANG_WARN_BOOL_CONVERSION = YES;
				CLANG_WARN_COMMA = YES;
				CLANG_WARN_CONSTANT_CONVERSION = YES;
				CLANG_WARN_DEPRECATED_OBJC_IMPLEMENTATIONS = YES;
				CLANG_WARN_DIRECT_OBJC_ISA_USAGE = YES_ERROR;
				CLANG_WARN_DOCUMENTATION_COMMENTS = YES;
				CLANG_WARN_EMPTY_BODY = YES;
				CLANG_WARN_ENUM_CONVERSION = YES;
				CLANG_WARN_INFINITE_RECURSION = YES;
				CLANG_WARN_INT_CONVERSION = YES;
				CLANG_WARN_NON_LITERAL_NULL_CONVERSION = YES;
				CLANG_WARN_OBJC_IMPLICIT_RETAIN_SELF = YES;
				CLANG_WARN_OBJC_LITERAL_CONVERSION = YES;
				CLANG_WARN_OBJC_ROOT_CLASS = YES_ERROR;
				CLANG_WARN_QUOTED_INCLUDE_IN_FRAMEWORK_HEADER = YES;
				CLANG_WARN_RANGE_LOOP_ANALYSIS = YES;
				CLANG_WARN_STRICT_PROTOTYPES = YES;
				CLANG_WARN_SUSPICIOUS_MOVE = YES;
				CLANG_WARN_UNGUARDED_AVAILABILITY = YES_AGGRESSIVE;
				CLANG_WARN_UNREACHABLE_CODE = YES;
				CLANG_WARN__DUPLICATE_METHOD_MATCH = YES;
				COPY_PHASE_STRIP = NO;
				DEBUG_INFORMATION_FORMAT = dwarf;
				ENABLE_STRICT_OBJC_MSGSEND = YES;
				ENABLE_TESTABILITY = YES;
				GCC_C_LANGUAGE_STANDARD = gnu11;
				GCC_DYNAMIC_NO_PIC = NO;
				GCC_NO_COMMON_BLOCKS = YES;
				GCC_OPTIMIZATION_LEVEL = 0;
				GCC_PREPROCESSOR_DEFINITIONS = (
					"DEBUG=1",
					"$(inherited)",
				);
				GCC_WARN_64_TO_32_BIT_CONVERSION = YES;
				GCC_WARN_ABOUT_RETURN_TYPE = YES_ERROR;
				GCC_WARN_UNDECLARED_SELECTOR = YES;
				GCC_WARN_UNINITIALIZED_AUTOS = YES_AGGRESSIVE;
				GCC_WARN_UNUSED_FUNCTION = YES;
				GCC_WARN_UNUSED_VARIABLE = YES;
				IPHONEOS_DEPLOYMENT_TARGET = 14.3;
				MTL_ENABLE_DEBUG_INFO = INCLUDE_SOURCE;
				MTL_FAST_MATH = YES;
				ONLY_ACTIVE_ARCH = YES;
				SDKROOT = iphoneos;
				SWIFT_ACTIVE_COMPILATION_CONDITIONS = DEBUG;
				SWIFT_OPTIMIZATION_LEVEL = "-Onone";
			};
			name = Debug;
		};
		7CE6C7A3258E56D60082C05C /* Release */ = {
			isa = XCBuildConfiguration;
			buildSettings = {
				ALWAYS_SEARCH_USER_PATHS = NO;
				CLANG_ANALYZER_NONNULL = YES;
				CLANG_ANALYZER_NUMBER_OBJECT_CONVERSION = YES_AGGRESSIVE;
				CLANG_CXX_LANGUAGE_STANDARD = "gnu++14";
				CLANG_CXX_LIBRARY = "libc++";
				CLANG_ENABLE_MODULES = YES;
				CLANG_ENABLE_OBJC_ARC = YES;
				CLANG_ENABLE_OBJC_WEAK = YES;
				CLANG_WARN_BLOCK_CAPTURE_AUTORELEASING = YES;
				CLANG_WARN_BOOL_CONVERSION = YES;
				CLANG_WARN_COMMA = YES;
				CLANG_WARN_CONSTANT_CONVERSION = YES;
				CLANG_WARN_DEPRECATED_OBJC_IMPLEMENTATIONS = YES;
				CLANG_WARN_DIRECT_OBJC_ISA_USAGE = YES_ERROR;
				CLANG_WARN_DOCUMENTATION_COMMENTS = YES;
				CLANG_WARN_EMPTY_BODY = YES;
				CLANG_WARN_ENUM_CONVERSION = YES;
				CLANG_WARN_INFINITE_RECURSION = YES;
				CLANG_WARN_INT_CONVERSION = YES;
				CLANG_WARN_NON_LITERAL_NULL_CONVERSION = YES;
				CLANG_WARN_OBJC_IMPLICIT_RETAIN_SELF = YES;
				CLANG_WARN_OBJC_LITERAL_CONVERSION = YES;
				CLANG_WARN_OBJC_ROOT_CLASS = YES_ERROR;
				CLANG_WARN_QUOTED_INCLUDE_IN_FRAMEWORK_HEADER = YES;
				CLANG_WARN_RANGE_LOOP_ANALYSIS = YES;
				CLANG_WARN_STRICT_PROTOTYPES = YES;
				CLANG_WARN_SUSPICIOUS_MOVE = YES;
				CLANG_WARN_UNGUARDED_AVAILABILITY = YES_AGGRESSIVE;
				CLANG_WARN_UNREACHABLE_CODE = YES;
				CLANG_WARN__DUPLICATE_METHOD_MATCH = YES;
				COPY_PHASE_STRIP = NO;
				DEBUG_INFORMATION_FORMAT = "dwarf-with-dsym";
				ENABLE_NS_ASSERTIONS = NO;
				ENABLE_STRICT_OBJC_MSGSEND = YES;
				GCC_C_LANGUAGE_STANDARD = gnu11;
				GCC_NO_COMMON_BLOCKS = YES;
				GCC_WARN_64_TO_32_BIT_CONVERSION = YES;
				GCC_WARN_ABOUT_RETURN_TYPE = YES_ERROR;
				GCC_WARN_UNDECLARED_SELECTOR = YES;
				GCC_WARN_UNINITIALIZED_AUTOS = YES_AGGRESSIVE;
				GCC_WARN_UNUSED_FUNCTION = YES;
				GCC_WARN_UNUSED_VARIABLE = YES;
				IPHONEOS_DEPLOYMENT_TARGET = 14.3;
				MTL_ENABLE_DEBUG_INFO = NO;
				MTL_FAST_MATH = YES;
				SDKROOT = iphoneos;
				SWIFT_COMPILATION_MODE = wholemodule;
				SWIFT_OPTIMIZATION_LEVEL = "-O";
				VALIDATE_PRODUCT = YES;
			};
			name = Release;
		};
		7CE6C7A5258E56D60082C05C /* Debug */ = {
			isa = XCBuildConfiguration;
			buildSettings = {
				ASSETCATALOG_COMPILER_APPICON_NAME = AppIcon;
				ASSETCATALOG_COMPILER_GLOBAL_ACCENT_COLOR_NAME = AccentColor;
				CODE_SIGN_STYLE = Automatic;
				DEVELOPMENT_ASSET_PATHS = "\"JKG_newLimited/Preview Content\"";
				ENABLE_PREVIEWS = YES;
				INFOPLIST_FILE = JKG_newLimited/Info.plist;
				IPHONEOS_DEPLOYMENT_TARGET = 14.0;
				LD_RUNPATH_SEARCH_PATHS = (
					"$(inherited)",
					"@executable_path/Frameworks",
				);
				PRODUCT_BUNDLE_IDENTIFIER = "com.jeongyeon.JKG-newLimited";
				PRODUCT_NAME = "$(TARGET_NAME)";
				SWIFT_VERSION = 5.0;
				TARGETED_DEVICE_FAMILY = "1,2";
			};
			name = Debug;
		};
		7CE6C7A6258E56D60082C05C /* Release */ = {
			isa = XCBuildConfiguration;
			buildSettings = {
				ASSETCATALOG_COMPILER_APPICON_NAME = AppIcon;
				ASSETCATALOG_COMPILER_GLOBAL_ACCENT_COLOR_NAME = AccentColor;
				CODE_SIGN_STYLE = Automatic;
				DEVELOPMENT_ASSET_PATHS = "\"JKG_newLimited/Preview Content\"";
				ENABLE_PREVIEWS = YES;
				INFOPLIST_FILE = JKG_newLimited/Info.plist;
				IPHONEOS_DEPLOYMENT_TARGET = 14.0;
				LD_RUNPATH_SEARCH_PATHS = (
					"$(inherited)",
					"@executable_path/Frameworks",
				);
				PRODUCT_BUNDLE_IDENTIFIER = "com.jeongyeon.JKG-newLimited";
				PRODUCT_NAME = "$(TARGET_NAME)";
				SWIFT_VERSION = 5.0;
				TARGETED_DEVICE_FAMILY = "1,2";
			};
			name = Release;
		};
		7CE6C7A8258E56D60082C05C /* Debug */ = {
			isa = XCBuildConfiguration;
			buildSettings = {
				ALWAYS_EMBED_SWIFT_STANDARD_LIBRARIES = YES;
				BUNDLE_LOADER = "$(TEST_HOST)";
				CODE_SIGN_STYLE = Automatic;
				INFOPLIST_FILE = JKG_newLimitedTests/Info.plist;
				IPHONEOS_DEPLOYMENT_TARGET = 14.0;
				LD_RUNPATH_SEARCH_PATHS = (
					"$(inherited)",
					"@executable_path/Frameworks",
					"@loader_path/Frameworks",
				);
				PRODUCT_BUNDLE_IDENTIFIER = "com.jeongyeon.JKG-newLimitedTests";
				PRODUCT_NAME = "$(TARGET_NAME)";
				SWIFT_VERSION = 5.0;
				TARGETED_DEVICE_FAMILY = "1,2";
				TEST_HOST = "$(BUILT_PRODUCTS_DIR)/JKG_newLimited.app/JKG_newLimited";
			};
			name = Debug;
		};
		7CE6C7A9258E56D60082C05C /* Release */ = {
			isa = XCBuildConfiguration;
			buildSettings = {
				ALWAYS_EMBED_SWIFT_STANDARD_LIBRARIES = YES;
				BUNDLE_LOADER = "$(TEST_HOST)";
				CODE_SIGN_STYLE = Automatic;
				INFOPLIST_FILE = JKG_newLimitedTests/Info.plist;
				IPHONEOS_DEPLOYMENT_TARGET = 14.0;
				LD_RUNPATH_SEARCH_PATHS = (
					"$(inherited)",
					"@executable_path/Frameworks",
					"@loader_path/Frameworks",
				);
				PRODUCT_BUNDLE_IDENTIFIER = "com.jeongyeon.JKG-newLimitedTests";
				PRODUCT_NAME = "$(TARGET_NAME)";
				SWIFT_VERSION = 5.0;
				TARGETED_DEVICE_FAMILY = "1,2";
				TEST_HOST = "$(BUILT_PRODUCTS_DIR)/JKG_newLimited.app/JKG_newLimited";
			};
			name = Release;
		};
		7CE6C7AB258E56D60082C05C /* Debug */ = {
			isa = XCBuildConfiguration;
			buildSettings = {
				ALWAYS_EMBED_SWIFT_STANDARD_LIBRARIES = YES;
				CODE_SIGN_STYLE = Automatic;
				INFOPLIST_FILE = JKG_newLimitedUITests/Info.plist;
				LD_RUNPATH_SEARCH_PATHS = (
					"$(inherited)",
					"@executable_path/Frameworks",
					"@loader_path/Frameworks",
				);
				PRODUCT_BUNDLE_IDENTIFIER = "com.jeongyeon.JKG-newLimitedUITests";
				PRODUCT_NAME = "$(TARGET_NAME)";
				SWIFT_VERSION = 5.0;
				TARGETED_DEVICE_FAMILY = "1,2";
				TEST_TARGET_NAME = JKG_newLimited;
			};
			name = Debug;
		};
		7CE6C7AC258E56D60082C05C /* Release */ = {
			isa = XCBuildConfiguration;
			buildSettings = {
				ALWAYS_EMBED_SWIFT_STANDARD_LIBRARIES = YES;
				CODE_SIGN_STYLE = Automatic;
				INFOPLIST_FILE = JKG_newLimitedUITests/Info.plist;
				LD_RUNPATH_SEARCH_PATHS = (
					"$(inherited)",
					"@executable_path/Frameworks",
					"@loader_path/Frameworks",
				);
				PRODUCT_BUNDLE_IDENTIFIER = "com.jeongyeon.JKG-newLimitedUITests";
				PRODUCT_NAME = "$(TARGET_NAME)";
				SWIFT_VERSION = 5.0;
				TARGETED_DEVICE_FAMILY = "1,2";
				TEST_TARGET_NAME = JKG_newLimited;
			};
			name = Release;
		};
/* End XCBuildConfiguration section */

/* Begin XCConfigurationList section */
		7CE6C77A258E56D30082C05C /* Build configuration list for PBXProject "JKG_newLimited" */ = {
			isa = XCConfigurationList;
			buildConfigurations = (
				7CE6C7A2258E56D60082C05C /* Debug */,
				7CE6C7A3258E56D60082C05C /* Release */,
			);
			defaultConfigurationIsVisible = 0;
			defaultConfigurationName = Release;
		};
		7CE6C7A4258E56D60082C05C /* Build configuration list for PBXNativeTarget "JKG_newLimited" */ = {
			isa = XCConfigurationList;
			buildConfigurations = (
				7CE6C7A5258E56D60082C05C /* Debug */,
				7CE6C7A6258E56D60082C05C /* Release */,
			);
			defaultConfigurationIsVisible = 0;
			defaultConfigurationName = Release;
		};
		7CE6C7A7258E56D60082C05C /* Build configuration list for PBXNativeTarget "JKG_newLimitedTests" */ = {
			isa = XCConfigurationList;
			buildConfigurations = (
				7CE6C7A8258E56D60082C05C /* Debug */,
				7CE6C7A9258E56D60082C05C /* Release */,
			);
			defaultConfigurationIsVisible = 0;
			defaultConfigurationName = Release;
		};
		7CE6C7AA258E56D60082C05C /* Build configuration list for PBXNativeTarget "JKG_newLimitedUITests" */ = {
			isa = XCConfigurationList;
			buildConfigurations = (
				7CE6C7AB258E56D60082C05C /* Debug */,
				7CE6C7AC258E56D60082C05C /* Release */,
			);
			defaultConfigurationIsVisible = 0;
			defaultConfigurationName = Release;
		};
/* End XCConfigurationList section */
	};
	rootObject = 7CE6C777258E56D30082C05C /* Project object */;
}
